PODS:
  - Alamofire (4.6.0)
  - PromisesObjC (1.0.3)
  - PromisesSwift (1.0.3):
    - PromisesObjC (= 1.0.3)
  - SDWebImage (4.3.0):
    - SDWebImage/Core (= 4.3.0)
  - SDWebImage/Core (4.3.0)

DEPENDENCIES:
  - Alamofire (~> 4.6)
  - PromisesSwift (~> 1.0)
  - SDWebImage (~> 4.0)

SPEC CHECKSUMS:
  Alamofire: f41a599bd63041760b26d393ec1069d9d7b917f4
  PromisesObjC: 9b58f509a9dc23d9a3f01b6aeb2cb9416ade3d41
  PromisesSwift: fec7ae00af032da2ba3172c8a5468ad9bbf83160
  SDWebImage: 6da6c8bca115addc4de8613362e1b15f66333825

PODFILE CHECKSUM: 0fe46b1881634b26064041f8bf5679a008208870

COCOAPODS: 1.4.0
