PODS:
  - Alamofire (4.6.0)
  - AMScrollingNavbar (4.2.1)
  - PromisesObjC (1.0.3)
  - PromisesSwift (1.0.3):
    - PromisesObjC (= 1.0.3)
  - SDWebImage (4.3.0):
    - SDWebImage/Core (= 4.3.0)
  - SDWebImage/Core (4.3.0)

DEPENDENCIES:
  - Alamofire (~> 4.6)
  - AMScrollingNavbar (~> 4.2.1)
  - PromisesSwift (~> 1.0)
  - SDWebImage (~> 4.0)

SPEC CHECKSUMS:
  Alamofire: f41a599bd63041760b26d393ec1069d9d7b917f4
  AMScrollingNavbar: 84d998ea885809d61bbc886053115ec3f2a64f41
  PromisesObjC: 9b58f509a9dc23d9a3f01b6aeb2cb9416ade3d41
  PromisesSwift: fec7ae00af032da2ba3172c8a5468ad9bbf83160
  SDWebImage: 6da6c8bca115addc4de8613362e1b15f66333825

PODFILE CHECKSUM: e7066b52d7f89431c5e26275ed53ff723c9daf35

COCOAPODS: 1.4.0
